// !$*UTF8*$!
{
	archiveVersion = 1;
	classes = {
	};
	objectVersion = 52;
	objects = {

/* Begin PBXBuildFile section */
		B9221EB125F846E5000FF3BB /* LoginCV.swift in Sources */ = {isa = PBXBuildFile; fileRef = B9221EB025F846E5000FF3BB /* LoginCV.swift */; };
		B9221EBA25F84C91000FF3BB /* TextFieldView.swift in Sources */ = {isa = PBXBuildFile; fileRef = B9221EB925F84C91000FF3BB /* TextFieldView.swift */; };
		B9221EC225F86334000FF3BB /* RegisterCV.swift in Sources */ = {isa = PBXBuildFile; fileRef = B9221EC125F86334000FF3BB /* RegisterCV.swift */; };
		B9444AF725F8407E00EF50B6 /* Hidake_BookingApp.swift in Sources */ = {isa = PBXBuildFile; fileRef = B9444AF625F8407E00EF50B6 /* Hidake_BookingApp.swift */; };
		B9444AF925F8407E00EF50B6 /* EntryCV.swift in Sources */ = {isa = PBXBuildFile; fileRef = B9444AF825F8407E00EF50B6 /* EntryCV.swift */; };
		B9444AFB25F8408000EF50B6 /* Assets.xcassets in Resources */ = {isa = PBXBuildFile; fileRef = B9444AFA25F8408000EF50B6 /* Assets.xcassets */; };
		B9444AFE25F8408000EF50B6 /* Preview Assets.xcassets in Resources */ = {isa = PBXBuildFile; fileRef = B9444AFD25F8408000EF50B6 /* Preview Assets.xcassets */; };
		B9444B0925F8408100EF50B6 /* Hidake_BookingTests.swift in Sources */ = {isa = PBXBuildFile; fileRef = B9444B0825F8408100EF50B6 /* Hidake_BookingTests.swift */; };
		B9444B1425F8408100EF50B6 /* Hidake_BookingUITests.swift in Sources */ = {isa = PBXBuildFile; fileRef = B9444B1325F8408100EF50B6 /* Hidake_BookingUITests.swift */; };
		B965B82025FB85C1004928EB /* FSCalendar in Frameworks */ = {isa = PBXBuildFile; productRef = B965B81F25FB85C1004928EB /* FSCalendar */; };
		B965B82525FC52A8004928EB /* TabCV.swift in Sources */ = {isa = PBXBuildFile; fileRef = B965B82425FC52A8004928EB /* TabCV.swift */; };
		B965B82A25FC5486004928EB /* AnnouncementCV.swift in Sources */ = {isa = PBXBuildFile; fileRef = B965B82925FC5486004928EB /* AnnouncementCV.swift */; };
		B965B82F25FC563B004928EB /* MeCV.swift in Sources */ = {isa = PBXBuildFile; fileRef = B965B82E25FC563B004928EB /* MeCV.swift */; };
		B98A2C5725F997EF002D1ACF /* MenuCV.swift in Sources */ = {isa = PBXBuildFile; fileRef = B98A2C5625F997EF002D1ACF /* MenuCV.swift */; };
		B98A2C5C25FA1B33002D1ACF /* CategoryView.swift in Sources */ = {isa = PBXBuildFile; fileRef = B98A2C5B25FA1B33002D1ACF /* CategoryView.swift */; };
		B98A2C6425FB06ED002D1ACF /* CalenderCV.swift in Sources */ = {isa = PBXBuildFile; fileRef = B98A2C6325FB06ED002D1ACF /* CalenderCV.swift */; };
		B98A2C6925FB449F002D1ACF /* DetailsSheet.swift in Sources */ = {isa = PBXBuildFile; fileRef = B98A2C6825FB449F002D1ACF /* DetailsSheet.swift */; };
/* End PBXBuildFile section */

/* Begin PBXContainerItemProxy section */
		B9444B0525F8408100EF50B6 /* PBXContainerItemProxy */ = {
			isa = PBXContainerItemProxy;
			containerPortal = B9444AEB25F8407E00EF50B6 /* Project object */;
			proxyType = 1;
			remoteGlobalIDString = B9444AF225F8407E00EF50B6;
			remoteInfo = "Hidake Booking";
		};
		B9444B1025F8408100EF50B6 /* PBXContainerItemProxy */ = {
			isa = PBXContainerItemProxy;
			containerPortal = B9444AEB25F8407E00EF50B6 /* Project object */;
			proxyType = 1;
			remoteGlobalIDString = B9444AF225F8407E00EF50B6;
			remoteInfo = "Hidake Booking";
		};
/* End PBXContainerItemProxy section */

/* Begin PBXFileReference section */
		B9221EB025F846E5000FF3BB /* LoginCV.swift */ = {isa = PBXFileReference; lastKnownFileType = sourcecode.swift; path = LoginCV.swift; sourceTree = "<group>"; };
		B9221EB925F84C91000FF3BB /* TextFieldView.swift */ = {isa = PBXFileReference; lastKnownFileType = sourcecode.swift; path = TextFieldView.swift; sourceTree = "<group>"; };
		B9221EC125F86334000FF3BB /* RegisterCV.swift */ = {isa = PBXFileReference; lastKnownFileType = sourcecode.swift; path = RegisterCV.swift; sourceTree = "<group>"; };
		B9444AF325F8407E00EF50B6 /* Hidake Booking.app */ = {isa = PBXFileReference; explicitFileType = wrapper.application; includeInIndex = 0; path = "Hidake Booking.app"; sourceTree = BUILT_PRODUCTS_DIR; };
		B9444AF625F8407E00EF50B6 /* Hidake_BookingApp.swift */ = {isa = PBXFileReference; lastKnownFileType = sourcecode.swift; path = Hidake_BookingApp.swift; sourceTree = "<group>"; };
		B9444AF825F8407E00EF50B6 /* EntryCV.swift */ = {isa = PBXFileReference; lastKnownFileType = sourcecode.swift; path = EntryCV.swift; sourceTree = "<group>"; };
		B9444AFA25F8408000EF50B6 /* Assets.xcassets */ = {isa = PBXFileReference; lastKnownFileType = folder.assetcatalog; path = Assets.xcassets; sourceTree = "<group>"; };
		B9444AFD25F8408000EF50B6 /* Preview Assets.xcassets */ = {isa = PBXFileReference; lastKnownFileType = folder.assetcatalog; path = "Preview Assets.xcassets"; sourceTree = "<group>"; };
		B9444AFF25F8408000EF50B6 /* Info.plist */ = {isa = PBXFileReference; lastKnownFileType = text.plist.xml; path = Info.plist; sourceTree = "<group>"; };
		B9444B0425F8408100EF50B6 /* Hidake BookingTests.xctest */ = {isa = PBXFileReference; explicitFileType = wrapper.cfbundle; includeInIndex = 0; path = "Hidake BookingTests.xctest"; sourceTree = BUILT_PRODUCTS_DIR; };
		B9444B0825F8408100EF50B6 /* Hidake_BookingTests.swift */ = {isa = PBXFileReference; lastKnownFileType = sourcecode.swift; path = Hidake_BookingTests.swift; sourceTree = "<group>"; };
		B9444B0A25F8408100EF50B6 /* Info.plist */ = {isa = PBXFileReference; lastKnownFileType = text.plist.xml; path = Info.plist; sourceTree = "<group>"; };
		B9444B0F25F8408100EF50B6 /* Hidake BookingUITests.xctest */ = {isa = PBXFileReference; explicitFileType = wrapper.cfbundle; includeInIndex = 0; path = "Hidake BookingUITests.xctest"; sourceTree = BUILT_PRODUCTS_DIR; };
		B9444B1325F8408100EF50B6 /* Hidake_BookingUITests.swift */ = {isa = PBXFileReference; lastKnownFileType = sourcecode.swift; path = Hidake_BookingUITests.swift; sourceTree = "<group>"; };
		B9444B1525F8408100EF50B6 /* Info.plist */ = {isa = PBXFileReference; lastKnownFileType = text.plist.xml; path = Info.plist; sourceTree = "<group>"; };
		B965B82425FC52A8004928EB /* TabCV.swift */ = {isa = PBXFileReference; lastKnownFileType = sourcecode.swift; path = TabCV.swift; sourceTree = "<group>"; };
		B965B82925FC5486004928EB /* AnnouncementCV.swift */ = {isa = PBXFileReference; lastKnownFileType = sourcecode.swift; path = AnnouncementCV.swift; sourceTree = "<group>"; };
		B965B82E25FC563B004928EB /* MeCV.swift */ = {isa = PBXFileReference; lastKnownFileType = sourcecode.swift; path = MeCV.swift; sourceTree = "<group>"; };
		B98A2C5625F997EF002D1ACF /* MenuCV.swift */ = {isa = PBXFileReference; lastKnownFileType = sourcecode.swift; path = MenuCV.swift; sourceTree = "<group>"; };
		B98A2C5B25FA1B33002D1ACF /* CategoryView.swift */ = {isa = PBXFileReference; lastKnownFileType = sourcecode.swift; path = CategoryView.swift; sourceTree = "<group>"; };
		B98A2C6325FB06ED002D1ACF /* CalenderCV.swift */ = {isa = PBXFileReference; lastKnownFileType = sourcecode.swift; path = CalenderCV.swift; sourceTree = "<group>"; };
		B98A2C6825FB449F002D1ACF /* DetailsSheet.swift */ = {isa = PBXFileReference; lastKnownFileType = sourcecode.swift; path = DetailsSheet.swift; sourceTree = "<group>"; };
/* End PBXFileReference section */

/* Begin PBXFrameworksBuildPhase section */
		B9444AF025F8407E00EF50B6 /* Frameworks */ = {
			isa = PBXFrameworksBuildPhase;
			buildActionMask = 2147483647;
			files = (
				B965B82025FB85C1004928EB /* FSCalendar in Frameworks */,
			);
			runOnlyForDeploymentPostprocessing = 0;
		};
		B9444B0125F8408100EF50B6 /* Frameworks */ = {
			isa = PBXFrameworksBuildPhase;
			buildActionMask = 2147483647;
			files = (
			);
			runOnlyForDeploymentPostprocessing = 0;
		};
		B9444B0C25F8408100EF50B6 /* Frameworks */ = {
			isa = PBXFrameworksBuildPhase;
			buildActionMask = 2147483647;
			files = (
			);
			runOnlyForDeploymentPostprocessing = 0;
		};
/* End PBXFrameworksBuildPhase section */

/* Begin PBXGroup section */
		B9221EAF25F846BF000FF3BB /* Content Views */ = {
			isa = PBXGroup;
			children = (
				B9444AF825F8407E00EF50B6 /* EntryCV.swift */,
				B9221EB025F846E5000FF3BB /* LoginCV.swift */,
				B9221EC125F86334000FF3BB /* RegisterCV.swift */,
				B98A2C5625F997EF002D1ACF /* MenuCV.swift */,
				B98A2C6325FB06ED002D1ACF /* CalenderCV.swift */,
				B98A2C6825FB449F002D1ACF /* DetailsSheet.swift */,
				B965B82425FC52A8004928EB /* TabCV.swift */,
				B965B82925FC5486004928EB /* AnnouncementCV.swift */,
				B965B82E25FC563B004928EB /* MeCV.swift */,
			);
			path = "Content Views";
			sourceTree = "<group>";
		};
		B9221EB825F84C7D000FF3BB /* Views */ = {
			isa = PBXGroup;
			children = (
				B9221EB925F84C91000FF3BB /* TextFieldView.swift */,
				B98A2C5B25FA1B33002D1ACF /* CategoryView.swift */,
			);
			path = Views;
			sourceTree = "<group>";
		};
		B9444AEA25F8407E00EF50B6 = {
			isa = PBXGroup;
			children = (
				B9444AF525F8407E00EF50B6 /* Hidake Booking */,
				B9444B0725F8408100EF50B6 /* Hidake BookingTests */,
				B9444B1225F8408100EF50B6 /* Hidake BookingUITests */,
				B9444AF425F8407E00EF50B6 /* Products */,
			);
			sourceTree = "<group>";
		};
		B9444AF425F8407E00EF50B6 /* Products */ = {
			isa = PBXGroup;
			children = (
				B9444AF325F8407E00EF50B6 /* Hidake Booking.app */,
				B9444B0425F8408100EF50B6 /* Hidake BookingTests.xctest */,
				B9444B0F25F8408100EF50B6 /* Hidake BookingUITests.xctest */,
			);
			name = Products;
			sourceTree = "<group>";
		};
		B9444AF525F8407E00EF50B6 /* Hidake Booking */ = {
			isa = PBXGroup;
			children = (
				B9221EB825F84C7D000FF3BB /* Views */,
				B9221EAF25F846BF000FF3BB /* Content Views */,
				B9444AF625F8407E00EF50B6 /* Hidake_BookingApp.swift */,
				B9444AFA25F8408000EF50B6 /* Assets.xcassets */,
				B9444AFF25F8408000EF50B6 /* Info.plist */,
				B9444AFC25F8408000EF50B6 /* Preview Content */,
			);
			path = "Hidake Booking";
			sourceTree = "<group>";
		};
		B9444AFC25F8408000EF50B6 /* Preview Content */ = {
			isa = PBXGroup;
			children = (
				B9444AFD25F8408000EF50B6 /* Preview Assets.xcassets */,
			);
			path = "Preview Content";
			sourceTree = "<group>";
		};
		B9444B0725F8408100EF50B6 /* Hidake BookingTests */ = {
			isa = PBXGroup;
			children = (
				B9444B0825F8408100EF50B6 /* Hidake_BookingTests.swift */,
				B9444B0A25F8408100EF50B6 /* Info.plist */,
			);
			path = "Hidake BookingTests";
			sourceTree = "<group>";
		};
		B9444B1225F8408100EF50B6 /* Hidake BookingUITests */ = {
			isa = PBXGroup;
			children = (
				B9444B1325F8408100EF50B6 /* Hidake_BookingUITests.swift */,
				B9444B1525F8408100EF50B6 /* Info.plist */,
			);
			path = "Hidake BookingUITests";
			sourceTree = "<group>";
		};
/* End PBXGroup section */

/* Begin PBXNativeTarget section */
		B9444AF225F8407E00EF50B6 /* Hidake Booking */ = {
			isa = PBXNativeTarget;
			buildConfigurationList = B9444B1825F8408100EF50B6 /* Build configuration list for PBXNativeTarget "Hidake Booking" */;
			buildPhases = (
				B9444AEF25F8407E00EF50B6 /* Sources */,
				B9444AF025F8407E00EF50B6 /* Frameworks */,
				B9444AF125F8407E00EF50B6 /* Resources */,
			);
			buildRules = (
			);
			dependencies = (
			);
			name = "Hidake Booking";
			packageProductDependencies = (
				B965B81F25FB85C1004928EB /* FSCalendar */,
			);
			productName = "Hidake Booking";
			productReference = B9444AF325F8407E00EF50B6 /* Hidake Booking.app */;
			productType = "com.apple.product-type.application";
		};
		B9444B0325F8408100EF50B6 /* Hidake BookingTests */ = {
			isa = PBXNativeTarget;
			buildConfigurationList = B9444B1B25F8408100EF50B6 /* Build configuration list for PBXNativeTarget "Hidake BookingTests" */;
			buildPhases = (
				B9444B0025F8408100EF50B6 /* Sources */,
				B9444B0125F8408100EF50B6 /* Frameworks */,
				B9444B0225F8408100EF50B6 /* Resources */,
			);
			buildRules = (
			);
			dependencies = (
				B9444B0625F8408100EF50B6 /* PBXTargetDependency */,
			);
			name = "Hidake BookingTests";
			productName = "Hidake BookingTests";
			productReference = B9444B0425F8408100EF50B6 /* Hidake BookingTests.xctest */;
			productType = "com.apple.product-type.bundle.unit-test";
		};
		B9444B0E25F8408100EF50B6 /* Hidake BookingUITests */ = {
			isa = PBXNativeTarget;
			buildConfigurationList = B9444B1E25F8408100EF50B6 /* Build configuration list for PBXNativeTarget "Hidake BookingUITests" */;
			buildPhases = (
				B9444B0B25F8408100EF50B6 /* Sources */,
				B9444B0C25F8408100EF50B6 /* Frameworks */,
				B9444B0D25F8408100EF50B6 /* Resources */,
			);
			buildRules = (
			);
			dependencies = (
				B9444B1125F8408100EF50B6 /* PBXTargetDependency */,
			);
			name = "Hidake BookingUITests";
			productName = "Hidake BookingUITests";
			productReference = B9444B0F25F8408100EF50B6 /* Hidake BookingUITests.xctest */;
			productType = "com.apple.product-type.bundle.ui-testing";
		};
/* End PBXNativeTarget section */

/* Begin PBXProject section */
		B9444AEB25F8407E00EF50B6 /* Project object */ = {
			isa = PBXProject;
			attributes = {
				LastSwiftUpdateCheck = 1240;
				LastUpgradeCheck = 1240;
				TargetAttributes = {
					B9444AF225F8407E00EF50B6 = {
						CreatedOnToolsVersion = 12.4;
					};
					B9444B0325F8408100EF50B6 = {
						CreatedOnToolsVersion = 12.4;
						TestTargetID = B9444AF225F8407E00EF50B6;
					};
					B9444B0E25F8408100EF50B6 = {
						CreatedOnToolsVersion = 12.4;
						TestTargetID = B9444AF225F8407E00EF50B6;
					};
				};
			};
			buildConfigurationList = B9444AEE25F8407E00EF50B6 /* Build configuration list for PBXProject "Hidake Booking" */;
			compatibilityVersion = "Xcode 9.3";
			developmentRegion = en;
			hasScannedForEncodings = 0;
			knownRegions = (
				en,
				Base,
			);
			mainGroup = B9444AEA25F8407E00EF50B6;
			packageReferences = (
				B965B81E25FB85C1004928EB /* XCRemoteSwiftPackageReference "FSCalendar" */,
			);
			productRefGroup = B9444AF425F8407E00EF50B6 /* Products */;
			projectDirPath = "";
			projectRoot = "";
			targets = (
				B9444AF225F8407E00EF50B6 /* Hidake Booking */,
				B9444B0325F8408100EF50B6 /* Hidake BookingTests */,
				B9444B0E25F8408100EF50B6 /* Hidake BookingUITests */,
			);
		};
/* End PBXProject section */

/* Begin PBXResourcesBuildPhase section */
		B9444AF125F8407E00EF50B6 /* Resources */ = {
			isa = PBXResourcesBuildPhase;
			buildActionMask = 2147483647;
			files = (
				B9444AFE25F8408000EF50B6 /* Preview Assets.xcassets in Resources */,
				B9444AFB25F8408000EF50B6 /* Assets.xcassets in Resources */,
			);
			runOnlyForDeploymentPostprocessing = 0;
		};
		B9444B0225F8408100EF50B6 /* Resources */ = {
			isa = PBXResourcesBuildPhase;
			buildActionMask = 2147483647;
			files = (
			);
			runOnlyForDeploymentPostprocessing = 0;
		};
		B9444B0D25F8408100EF50B6 /* Resources */ = {
			isa = PBXResourcesBuildPhase;
			buildActionMask = 2147483647;
			files = (
			);
			runOnlyForDeploymentPostprocessing = 0;
		};
/* End PBXResourcesBuildPhase section */

/* Begin PBXSourcesBuildPhase section */
		B9444AEF25F8407E00EF50B6 /* Sources */ = {
			isa = PBXSourcesBuildPhase;
			buildActionMask = 2147483647;
			files = (
				B965B82F25FC563B004928EB /* MeCV.swift in Sources */,
				B965B82A25FC5486004928EB /* AnnouncementCV.swift in Sources */,
				B98A2C6925FB449F002D1ACF /* DetailsSheet.swift in Sources */,
				B9221EB125F846E5000FF3BB /* LoginCV.swift in Sources */,
				B9221EC225F86334000FF3BB /* RegisterCV.swift in Sources */,
				B98A2C6425FB06ED002D1ACF /* CalenderCV.swift in Sources */,
				B9444AF925F8407E00EF50B6 /* EntryCV.swift in Sources */,
				B98A2C5725F997EF002D1ACF /* MenuCV.swift in Sources */,
				B965B82525FC52A8004928EB /* TabCV.swift in Sources */,
				B9221EBA25F84C91000FF3BB /* TextFieldView.swift in Sources */,
				B98A2C5C25FA1B33002D1ACF /* CategoryView.swift in Sources */,
				B9444AF725F8407E00EF50B6 /* Hidake_BookingApp.swift in Sources */,
			);
			runOnlyForDeploymentPostprocessing = 0;
		};
		B9444B0025F8408100EF50B6 /* Sources */ = {
			isa = PBXSourcesBuildPhase;
			buildActionMask = 2147483647;
			files = (
				B9444B0925F8408100EF50B6 /* Hidake_BookingTests.swift in Sources */,
			);
			runOnlyForDeploymentPostprocessing = 0;
		};
		B9444B0B25F8408100EF50B6 /* Sources */ = {
			isa = PBXSourcesBuildPhase;
			buildActionMask = 2147483647;
			files = (
				B9444B1425F8408100EF50B6 /* Hidake_BookingUITests.swift in Sources */,
			);
			runOnlyForDeploymentPostprocessing = 0;
		};
/* End PBXSourcesBuildPhase section */

/* Begin PBXTargetDependency section */
		B9444B0625F8408100EF50B6 /* PBXTargetDependency */ = {
			isa = PBXTargetDependency;
			target = B9444AF225F8407E00EF50B6 /* Hidake Booking */;
			targetProxy = B9444B0525F8408100EF50B6 /* PBXContainerItemProxy */;
		};
		B9444B1125F8408100EF50B6 /* PBXTargetDependency */ = {
			isa = PBXTargetDependency;
			target = B9444AF225F8407E00EF50B6 /* Hidake Booking */;
			targetProxy = B9444B1025F8408100EF50B6 /* PBXContainerItemProxy */;
		};
/* End PBXTargetDependency section */

/* Begin XCBuildConfiguration section */
		B9444B1625F8408100EF50B6 /* Debug */ = {
			isa = XCBuildConfiguration;
			buildSettings = {
				ALWAYS_SEARCH_USER_PATHS = NO;
				CLANG_ANALYZER_NONNULL = YES;
				CLANG_ANALYZER_NUMBER_OBJECT_CONVERSION = YES_AGGRESSIVE;
				CLANG_CXX_LANGUAGE_STANDARD = "gnu++14";
				CLANG_CXX_LIBRARY = "libc++";
				CLANG_ENABLE_MODULES = YES;
				CLANG_ENABLE_OBJC_ARC = YES;
				CLANG_ENABLE_OBJC_WEAK = YES;
				CLANG_WARN_BLOCK_CAPTURE_AUTORELEASING = YES;
				CLANG_WARN_BOOL_CONVERSION = YES;
				CLANG_WARN_COMMA = YES;
				CLANG_WARN_CONSTANT_CONVERSION = YES;
				CLANG_WARN_DEPRECATED_OBJC_IMPLEMENTATIONS = YES;
				CLANG_WARN_DIRECT_OBJC_ISA_USAGE = YES_ERROR;
				CLANG_WARN_DOCUMENTATION_COMMENTS = YES;
				CLANG_WARN_EMPTY_BODY = YES;
				CLANG_WARN_ENUM_CONVERSION = YES;
				CLANG_WARN_INFINITE_RECURSION = YES;
				CLANG_WARN_INT_CONVERSION = YES;
				CLANG_WARN_NON_LITERAL_NULL_CONVERSION = YES;
				CLANG_WARN_OBJC_IMPLICIT_RETAIN_SELF = YES;
				CLANG_WARN_OBJC_LITERAL_CONVERSION = YES;
				CLANG_WARN_OBJC_ROOT_CLASS = YES_ERROR;
				CLANG_WARN_QUOTED_INCLUDE_IN_FRAMEWORK_HEADER = YES;
				CLANG_WARN_RANGE_LOOP_ANALYSIS = YES;
				CLANG_WARN_STRICT_PROTOTYPES = YES;
				CLANG_WARN_SUSPICIOUS_MOVE = YES;
				CLANG_WARN_UNGUARDED_AVAILABILITY = YES_AGGRESSIVE;
				CLANG_WARN_UNREACHABLE_CODE = YES;
				CLANG_WARN__DUPLICATE_METHOD_MATCH = YES;
				COPY_PHASE_STRIP = NO;
				DEBUG_INFORMATION_FORMAT = dwarf;
				ENABLE_STRICT_OBJC_MSGSEND = YES;
				ENABLE_TESTABILITY = YES;
				GCC_C_LANGUAGE_STANDARD = gnu11;
				GCC_DYNAMIC_NO_PIC = NO;
				GCC_NO_COMMON_BLOCKS = YES;
				GCC_OPTIMIZATION_LEVEL = 0;
				GCC_PREPROCESSOR_DEFINITIONS = (
					"DEBUG=1",
					"$(inherited)",
				);
				GCC_WARN_64_TO_32_BIT_CONVERSION = YES;
				GCC_WARN_ABOUT_RETURN_TYPE = YES_ERROR;
				GCC_WARN_UNDECLARED_SELECTOR = YES;
				GCC_WARN_UNINITIALIZED_AUTOS = YES_AGGRESSIVE;
				GCC_WARN_UNUSED_FUNCTION = YES;
				GCC_WARN_UNUSED_VARIABLE = YES;
				IPHONEOS_DEPLOYMENT_TARGET = 14.4;
				MTL_ENABLE_DEBUG_INFO = INCLUDE_SOURCE;
				MTL_FAST_MATH = YES;
				ONLY_ACTIVE_ARCH = YES;
				SDKROOT = iphoneos;
				SWIFT_ACTIVE_COMPILATION_CONDITIONS = DEBUG;
				SWIFT_OPTIMIZATION_LEVEL = "-Onone";
			};
			name = Debug;
		};
		B9444B1725F8408100EF50B6 /* Release */ = {
			isa = XCBuildConfiguration;
			buildSettings = {
				ALWAYS_SEARCH_USER_PATHS = NO;
				CLANG_ANALYZER_NONNULL = YES;
				CLANG_ANALYZER_NUMBER_OBJECT_CONVERSION = YES_AGGRESSIVE;
				CLANG_CXX_LANGUAGE_STANDARD = "gnu++14";
				CLANG_CXX_LIBRARY = "libc++";
				CLANG_ENABLE_MODULES = YES;
				CLANG_ENABLE_OBJC_ARC = YES;
				CLANG_ENABLE_OBJC_WEAK = YES;
				CLANG_WARN_BLOCK_CAPTURE_AUTORELEASING = YES;
				CLANG_WARN_BOOL_CONVERSION = YES;
				CLANG_WARN_COMMA = YES;
				CLANG_WARN_CONSTANT_CONVERSION = YES;
				CLANG_WARN_DEPRECATED_OBJC_IMPLEMENTATIONS = YES;
				CLANG_WARN_DIRECT_OBJC_ISA_USAGE = YES_ERROR;
				CLANG_WARN_DOCUMENTATION_COMMENTS = YES;
				CLANG_WARN_EMPTY_BODY = YES;
				CLANG_WARN_ENUM_CONVERSION = YES;
				CLANG_WARN_INFINITE_RECURSION = YES;
				CLANG_WARN_INT_CONVERSION = YES;
				CLANG_WARN_NON_LITERAL_NULL_CONVERSION = YES;
				CLANG_WARN_OBJC_IMPLICIT_RETAIN_SELF = YES;
				CLANG_WARN_OBJC_LITERAL_CONVERSION = YES;
				CLANG_WARN_OBJC_ROOT_CLASS = YES_ERROR;
				CLANG_WARN_QUOTED_INCLUDE_IN_FRAMEWORK_HEADER = YES;
				CLANG_WARN_RANGE_LOOP_ANALYSIS = YES;
				CLANG_WARN_STRICT_PROTOTYPES = YES;
				CLANG_WARN_SUSPICIOUS_MOVE = YES;
				CLANG_WARN_UNGUARDED_AVAILABILITY = YES_AGGRESSIVE;
				CLANG_WARN_UNREACHABLE_CODE = YES;
				CLANG_WARN__DUPLICATE_METHOD_MATCH = YES;
				COPY_PHASE_STRIP = NO;
				DEBUG_INFORMATION_FORMAT = "dwarf-with-dsym";
				ENABLE_NS_ASSERTIONS = NO;
				ENABLE_STRICT_OBJC_MSGSEND = YES;
				GCC_C_LANGUAGE_STANDARD = gnu11;
				GCC_NO_COMMON_BLOCKS = YES;
				GCC_WARN_64_TO_32_BIT_CONVERSION = YES;
				GCC_WARN_ABOUT_RETURN_TYPE = YES_ERROR;
				GCC_WARN_UNDECLARED_SELECTOR = YES;
				GCC_WARN_UNINITIALIZED_AUTOS = YES_AGGRESSIVE;
				GCC_WARN_UNUSED_FUNCTION = YES;
				GCC_WARN_UNUSED_VARIABLE = YES;
				IPHONEOS_DEPLOYMENT_TARGET = 14.4;
				MTL_ENABLE_DEBUG_INFO = NO;
				MTL_FAST_MATH = YES;
				SDKROOT = iphoneos;
				SWIFT_COMPILATION_MODE = wholemodule;
				SWIFT_OPTIMIZATION_LEVEL = "-O";
				VALIDATE_PRODUCT = YES;
			};
			name = Release;
		};
		B9444B1925F8408100EF50B6 /* Debug */ = {
			isa = XCBuildConfiguration;
			buildSettings = {
				ASSETCATALOG_COMPILER_APPICON_NAME = AppIcon;
				ASSETCATALOG_COMPILER_GLOBAL_ACCENT_COLOR_NAME = AccentColor;
				CODE_SIGN_STYLE = Automatic;
				DEVELOPMENT_ASSET_PATHS = "\"Hidake Booking/Preview Content\"";
				ENABLE_PREVIEWS = YES;
				INFOPLIST_FILE = "Hidake Booking/Info.plist";
				IPHONEOS_DEPLOYMENT_TARGET = 14.0;
				LD_RUNPATH_SEARCH_PATHS = (
					"$(inherited)",
					"@executable_path/Frameworks",
				);
				PRODUCT_BUNDLE_IDENTIFIER = "com.JJTsai0907.Hidake-Booking";
				PRODUCT_NAME = "$(TARGET_NAME)";
				SWIFT_VERSION = 5.0;
				TARGETED_DEVICE_FAMILY = "1,2";
			};
			name = Debug;
		};
		B9444B1A25F8408100EF50B6 /* Release */ = {
			isa = XCBuildConfiguration;
			buildSettings = {
				ASSETCATALOG_COMPILER_APPICON_NAME = AppIcon;
				ASSETCATALOG_COMPILER_GLOBAL_ACCENT_COLOR_NAME = AccentColor;
				CODE_SIGN_STYLE = Automatic;
				DEVELOPMENT_ASSET_PATHS = "\"Hidake Booking/Preview Content\"";
				ENABLE_PREVIEWS = YES;
				INFOPLIST_FILE = "Hidake Booking/Info.plist";
				IPHONEOS_DEPLOYMENT_TARGET = 14.0;
				LD_RUNPATH_SEARCH_PATHS = (
					"$(inherited)",
					"@executable_path/Frameworks",
				);
				PRODUCT_BUNDLE_IDENTIFIER = "com.JJTsai0907.Hidake-Booking";
				PRODUCT_NAME = "$(TARGET_NAME)";
				SWIFT_VERSION = 5.0;
				TARGETED_DEVICE_FAMILY = "1,2";
			};
			name = Release;
		};
		B9444B1C25F8408100EF50B6 /* Debug */ = {
			isa = XCBuildConfiguration;
			buildSettings = {
				ALWAYS_EMBED_SWIFT_STANDARD_LIBRARIES = YES;
				BUNDLE_LOADER = "$(TEST_HOST)";
				CODE_SIGN_STYLE = Automatic;
				INFOPLIST_FILE = "Hidake BookingTests/Info.plist";
				IPHONEOS_DEPLOYMENT_TARGET = 14.0;
				LD_RUNPATH_SEARCH_PATHS = (
					"$(inherited)",
					"@executable_path/Frameworks",
					"@loader_path/Frameworks",
				);
				PRODUCT_BUNDLE_IDENTIFIER = "com.JJTsai0907.Hidake-BookingTests";
				PRODUCT_NAME = "$(TARGET_NAME)";
				SWIFT_VERSION = 5.0;
				TARGETED_DEVICE_FAMILY = "1,2";
				TEST_HOST = "$(BUILT_PRODUCTS_DIR)/Hidake Booking.app/Hidake Booking";
			};
			name = Debug;
		};
		B9444B1D25F8408100EF50B6 /* Release */ = {
			isa = XCBuildConfiguration;
			buildSettings = {
				ALWAYS_EMBED_SWIFT_STANDARD_LIBRARIES = YES;
				BUNDLE_LOADER = "$(TEST_HOST)";
				CODE_SIGN_STYLE = Automatic;
				INFOPLIST_FILE = "Hidake BookingTests/Info.plist";
				IPHONEOS_DEPLOYMENT_TARGET = 14.0;
				LD_RUNPATH_SEARCH_PATHS = (
					"$(inherited)",
					"@executable_path/Frameworks",
					"@loader_path/Frameworks",
				);
				PRODUCT_BUNDLE_IDENTIFIER = "com.JJTsai0907.Hidake-BookingTests";
				PRODUCT_NAME = "$(TARGET_NAME)";
				SWIFT_VERSION = 5.0;
				TARGETED_DEVICE_FAMILY = "1,2";
				TEST_HOST = "$(BUILT_PRODUCTS_DIR)/Hidake Booking.app/Hidake Booking";
			};
			name = Release;
		};
		B9444B1F25F8408100EF50B6 /* Debug */ = {
			isa = XCBuildConfiguration;
			buildSettings = {
				ALWAYS_EMBED_SWIFT_STANDARD_LIBRARIES = YES;
				CODE_SIGN_STYLE = Automatic;
				INFOPLIST_FILE = "Hidake BookingUITests/Info.plist";
				LD_RUNPATH_SEARCH_PATHS = (
					"$(inherited)",
					"@executable_path/Frameworks",
					"@loader_path/Frameworks",
				);
				PRODUCT_BUNDLE_IDENTIFIER = "com.JJTsai0907.Hidake-BookingUITests";
				PRODUCT_NAME = "$(TARGET_NAME)";
				SWIFT_VERSION = 5.0;
				TARGETED_DEVICE_FAMILY = "1,2";
				TEST_TARGET_NAME = "Hidake Booking";
			};
			name = Debug;
		};
		B9444B2025F8408100EF50B6 /* Release */ = {
			isa = XCBuildConfiguration;
			buildSettings = {
				ALWAYS_EMBED_SWIFT_STANDARD_LIBRARIES = YES;
				CODE_SIGN_STYLE = Automatic;
				INFOPLIST_FILE = "Hidake BookingUITests/Info.plist";
				LD_RUNPATH_SEARCH_PATHS = (
					"$(inherited)",
					"@executable_path/Frameworks",
					"@loader_path/Frameworks",
				);
				PRODUCT_BUNDLE_IDENTIFIER = "com.JJTsai0907.Hidake-BookingUITests";
				PRODUCT_NAME = "$(TARGET_NAME)";
				SWIFT_VERSION = 5.0;
				TARGETED_DEVICE_FAMILY = "1,2";
				TEST_TARGET_NAME = "Hidake Booking";
			};
			name = Release;
		};
/* End XCBuildConfiguration section */

/* Begin XCConfigurationList section */
		B9444AEE25F8407E00EF50B6 /* Build configuration list for PBXProject "Hidake Booking" */ = {
			isa = XCConfigurationList;
			buildConfigurations = (
				B9444B1625F8408100EF50B6 /* Debug */,
				B9444B1725F8408100EF50B6 /* Release */,
			);
			defaultConfigurationIsVisible = 0;
			defaultConfigurationName = Release;
		};
		B9444B1825F8408100EF50B6 /* Build configuration list for PBXNativeTarget "Hidake Booking" */ = {
			isa = XCConfigurationList;
			buildConfigurations = (
				B9444B1925F8408100EF50B6 /* Debug */,
				B9444B1A25F8408100EF50B6 /* Release */,
			);
			defaultConfigurationIsVisible = 0;
			defaultConfigurationName = Release;
		};
		B9444B1B25F8408100EF50B6 /* Build configuration list for PBXNativeTarget "Hidake BookingTests" */ = {
			isa = XCConfigurationList;
			buildConfigurations = (
				B9444B1C25F8408100EF50B6 /* Debug */,
				B9444B1D25F8408100EF50B6 /* Release */,
			);
			defaultConfigurationIsVisible = 0;
			defaultConfigurationName = Release;
		};
		B9444B1E25F8408100EF50B6 /* Build configuration list for PBXNativeTarget "Hidake BookingUITests" */ = {
			isa = XCConfigurationList;
			buildConfigurations = (
				B9444B1F25F8408100EF50B6 /* Debug */,
				B9444B2025F8408100EF50B6 /* Release */,
			);
			defaultConfigurationIsVisible = 0;
			defaultConfigurationName = Release;
		};
/* End XCConfigurationList section */

/* Begin XCRemoteSwiftPackageReference section */
		B965B81E25FB85C1004928EB /* XCRemoteSwiftPackageReference "FSCalendar" */ = {
			isa = XCRemoteSwiftPackageReference;
			repositoryURL = "https://github.com/WenchaoD/FSCalendar.git";
			requirement = {
				kind = upToNextMajorVersion;
				minimumVersion = 2.8.2;
			};
		};
/* End XCRemoteSwiftPackageReference section */

/* Begin XCSwiftPackageProductDependency section */
		B965B81F25FB85C1004928EB /* FSCalendar */ = {
			isa = XCSwiftPackageProductDependency;
			package = B965B81E25FB85C1004928EB /* XCRemoteSwiftPackageReference "FSCalendar" */;
			productName = FSCalendar;
		};
/* End XCSwiftPackageProductDependency section */
	};
	rootObject = B9444AEB25F8407E00EF50B6 /* Project object */;
}
