// !$*UTF8*$!
{
	archiveVersion = 1;
	classes = {
	};
	objectVersion = 52;
	objects = {

/* Begin PBXBuildFile section */
		15CFC5FD18F70ACE09542CA9 /* Pods_Hidake_Booking.framework in Frameworks */ = {isa = PBXBuildFile; fileRef = 8D6BC4BB1AD0F50E1E13E7D9 /* Pods_Hidake_Booking.framework */; };
		B901EC2025FE161F009E28CC /* EditMenuCV.swift in Sources */ = {isa = PBXBuildFile; fileRef = B901EC1F25FE161F009E28CC /* EditMenuCV.swift */; };
		B901EC2525FE174A009E28CC /* EditDetailsSheet.swift in Sources */ = {isa = PBXBuildFile; fileRef = B901EC2425FE174A009E28CC /* EditDetailsSheet.swift */; };
		B901EC2E25FE3558009E28CC /* EditCategortView.swift in Sources */ = {isa = PBXBuildFile; fileRef = B901EC2D25FE3558009E28CC /* EditCategortView.swift */; };
		B901EC3625FE429C009E28CC /* AddActivityCV.swift in Sources */ = {isa = PBXBuildFile; fileRef = B901EC3525FE429C009E28CC /* AddActivityCV.swift */; };
		B9221EB125F846E5000FF3BB /* LoginCV.swift in Sources */ = {isa = PBXBuildFile; fileRef = B9221EB025F846E5000FF3BB /* LoginCV.swift */; };
		B9221EBA25F84C91000FF3BB /* TextFieldView.swift in Sources */ = {isa = PBXBuildFile; fileRef = B9221EB925F84C91000FF3BB /* TextFieldView.swift */; };
		B9221EC225F86334000FF3BB /* RegisterCV.swift in Sources */ = {isa = PBXBuildFile; fileRef = B9221EC125F86334000FF3BB /* RegisterCV.swift */; };
		B9227AC92609BC8000982C66 /* GetDatas.swift in Sources */ = {isa = PBXBuildFile; fileRef = B9227AC82609BC8000982C66 /* GetDatas.swift */; };
		B9444AF725F8407E00EF50B6 /* Hidake_BookingApp.swift in Sources */ = {isa = PBXBuildFile; fileRef = B9444AF625F8407E00EF50B6 /* Hidake_BookingApp.swift */; };
		B9444AF925F8407E00EF50B6 /* EntryCV.swift in Sources */ = {isa = PBXBuildFile; fileRef = B9444AF825F8407E00EF50B6 /* EntryCV.swift */; };
		B9444AFB25F8408000EF50B6 /* Assets.xcassets in Resources */ = {isa = PBXBuildFile; fileRef = B9444AFA25F8408000EF50B6 /* Assets.xcassets */; };
		B9444AFE25F8408000EF50B6 /* Preview Assets.xcassets in Resources */ = {isa = PBXBuildFile; fileRef = B9444AFD25F8408000EF50B6 /* Preview Assets.xcassets */; };
		B9444B0925F8408100EF50B6 /* Hidake_BookingTests.swift in Sources */ = {isa = PBXBuildFile; fileRef = B9444B0825F8408100EF50B6 /* Hidake_BookingTests.swift */; };
		B9444B1425F8408100EF50B6 /* Hidake_BookingUITests.swift in Sources */ = {isa = PBXBuildFile; fileRef = B9444B1325F8408100EF50B6 /* Hidake_BookingUITests.swift */; };
		B958BDAC26048A0300A460DB /* CalendarView.swift in Sources */ = {isa = PBXBuildFile; fileRef = B958BDAB26048A0300A460DB /* CalendarView.swift */; };
		B965B82025FB85C1004928EB /* FSCalendar in Frameworks */ = {isa = PBXBuildFile; productRef = B965B81F25FB85C1004928EB /* FSCalendar */; };
		B965B82525FC52A8004928EB /* TabCV.swift in Sources */ = {isa = PBXBuildFile; fileRef = B965B82425FC52A8004928EB /* TabCV.swift */; };
		B965B82A25FC5486004928EB /* AnnouncementCV.swift in Sources */ = {isa = PBXBuildFile; fileRef = B965B82925FC5486004928EB /* AnnouncementCV.swift */; };
		B965B82F25FC563B004928EB /* MeCV.swift in Sources */ = {isa = PBXBuildFile; fileRef = B965B82E25FC563B004928EB /* MeCV.swift */; };
		B965B83A25FCF143004928EB /* GoogleService-Info.plist in Resources */ = {isa = PBXBuildFile; fileRef = B965B83925FCF143004928EB /* GoogleService-Info.plist */; };
		B967648E25FCFFE600DFE368 /* OwnerCV.swift in Sources */ = {isa = PBXBuildFile; fileRef = B967648D25FCFFE600DFE368 /* OwnerCV.swift */; };
		B967649325FD028700DFE368 /* TabEditCV.swift in Sources */ = {isa = PBXBuildFile; fileRef = B967649225FD028700DFE368 /* TabEditCV.swift */; };
		B972318F260494C0003C4E11 /* Test.swift in Sources */ = {isa = PBXBuildFile; fileRef = B972318E260494C0003C4E11 /* Test.swift */; };
		B98A2C5725F997EF002D1ACF /* MenuCV.swift in Sources */ = {isa = PBXBuildFile; fileRef = B98A2C5625F997EF002D1ACF /* MenuCV.swift */; };
		B98A2C5C25FA1B33002D1ACF /* CategoryView.swift in Sources */ = {isa = PBXBuildFile; fileRef = B98A2C5B25FA1B33002D1ACF /* CategoryView.swift */; };
		B98A2C6425FB06ED002D1ACF /* CalenderCV.swift in Sources */ = {isa = PBXBuildFile; fileRef = B98A2C6325FB06ED002D1ACF /* CalenderCV.swift */; };
		B98A2C6925FB449F002D1ACF /* DetailsSheet.swift in Sources */ = {isa = PBXBuildFile; fileRef = B98A2C6825FB449F002D1ACF /* DetailsSheet.swift */; };
		B9A55810260ACFA6007FDE19 /* EditAnnouncementCV.swift in Sources */ = {isa = PBXBuildFile; fileRef = B9A5580F260ACFA6007FDE19 /* EditAnnouncementCV.swift */; };
		B9A7A816260A21FD005F4D70 /* Announcement.swift in Sources */ = {isa = PBXBuildFile; fileRef = B9A7A815260A21FD005F4D70 /* Announcement.swift */; };
		B9FBA22F25FF1F01000CF548 /* EditActivityCalenderCV.swift in Sources */ = {isa = PBXBuildFile; fileRef = B9FBA22E25FF1F01000CF548 /* EditActivityCalenderCV.swift */; };
		D451F4C69EBCE8E41F6A7B23 /* Pods_Hidake_BookingTests.framework in Frameworks */ = {isa = PBXBuildFile; fileRef = 58E13ED8BFE2FCD601EC3109 /* Pods_Hidake_BookingTests.framework */; };
		EE0C72652ABD8D27890C066F /* Pods_Hidake_Booking_Hidake_BookingUITests.framework in Frameworks */ = {isa = PBXBuildFile; fileRef = A07892C004B2D6796709A179 /* Pods_Hidake_Booking_Hidake_BookingUITests.framework */; };
/* End PBXBuildFile section */

/* Begin PBXContainerItemProxy section */
		B9444B0525F8408100EF50B6 /* PBXContainerItemProxy */ = {
			isa = PBXContainerItemProxy;
			containerPortal = B9444AEB25F8407E00EF50B6 /* Project object */;
			proxyType = 1;
			remoteGlobalIDString = B9444AF225F8407E00EF50B6;
			remoteInfo = "Hidake Booking";
		};
		B9444B1025F8408100EF50B6 /* PBXContainerItemProxy */ = {
			isa = PBXContainerItemProxy;
			containerPortal = B9444AEB25F8407E00EF50B6 /* Project object */;
			proxyType = 1;
			remoteGlobalIDString = B9444AF225F8407E00EF50B6;
			remoteInfo = "Hidake Booking";
		};
/* End PBXContainerItemProxy section */

/* Begin PBXFileReference section */
		01986213ACCA98332EAB4A7E /* Pods-Hidake Booking-Hidake BookingUITests.debug.xcconfig */ = {isa = PBXFileReference; includeInIndex = 1; lastKnownFileType = text.xcconfig; name = "Pods-Hidake Booking-Hidake BookingUITests.debug.xcconfig"; path = "Target Support Files/Pods-Hidake Booking-Hidake BookingUITests/Pods-Hidake Booking-Hidake BookingUITests.debug.xcconfig"; sourceTree = "<group>"; };
		062472B79086EA745E6D0696 /* Pods-Hidake Booking.debug.xcconfig */ = {isa = PBXFileReference; includeInIndex = 1; lastKnownFileType = text.xcconfig; name = "Pods-Hidake Booking.debug.xcconfig"; path = "Target Support Files/Pods-Hidake Booking/Pods-Hidake Booking.debug.xcconfig"; sourceTree = "<group>"; };
		58E13ED8BFE2FCD601EC3109 /* Pods_Hidake_BookingTests.framework */ = {isa = PBXFileReference; explicitFileType = wrapper.framework; includeInIndex = 0; path = Pods_Hidake_BookingTests.framework; sourceTree = BUILT_PRODUCTS_DIR; };
		79B73EF53977ABFD18B0C878 /* Pods-Hidake Booking.release.xcconfig */ = {isa = PBXFileReference; includeInIndex = 1; lastKnownFileType = text.xcconfig; name = "Pods-Hidake Booking.release.xcconfig"; path = "Target Support Files/Pods-Hidake Booking/Pods-Hidake Booking.release.xcconfig"; sourceTree = "<group>"; };
		8D6BC4BB1AD0F50E1E13E7D9 /* Pods_Hidake_Booking.framework */ = {isa = PBXFileReference; explicitFileType = wrapper.framework; includeInIndex = 0; path = Pods_Hidake_Booking.framework; sourceTree = BUILT_PRODUCTS_DIR; };
		A07892C004B2D6796709A179 /* Pods_Hidake_Booking_Hidake_BookingUITests.framework */ = {isa = PBXFileReference; explicitFileType = wrapper.framework; includeInIndex = 0; path = Pods_Hidake_Booking_Hidake_BookingUITests.framework; sourceTree = BUILT_PRODUCTS_DIR; };
		AFA42465845BEBE1FC63F88A /* Pods-Hidake BookingTests.release.xcconfig */ = {isa = PBXFileReference; includeInIndex = 1; lastKnownFileType = text.xcconfig; name = "Pods-Hidake BookingTests.release.xcconfig"; path = "Target Support Files/Pods-Hidake BookingTests/Pods-Hidake BookingTests.release.xcconfig"; sourceTree = "<group>"; };
		B901EC1F25FE161F009E28CC /* EditMenuCV.swift */ = {isa = PBXFileReference; lastKnownFileType = sourcecode.swift; path = EditMenuCV.swift; sourceTree = "<group>"; };
		B901EC2425FE174A009E28CC /* EditDetailsSheet.swift */ = {isa = PBXFileReference; lastKnownFileType = sourcecode.swift; path = EditDetailsSheet.swift; sourceTree = "<group>"; };
		B901EC2D25FE3558009E28CC /* EditCategortView.swift */ = {isa = PBXFileReference; lastKnownFileType = sourcecode.swift; path = EditCategortView.swift; sourceTree = "<group>"; };
		B901EC3525FE429C009E28CC /* AddActivityCV.swift */ = {isa = PBXFileReference; lastKnownFileType = sourcecode.swift; path = AddActivityCV.swift; sourceTree = "<group>"; };
		B9221EB025F846E5000FF3BB /* LoginCV.swift */ = {isa = PBXFileReference; lastKnownFileType = sourcecode.swift; path = LoginCV.swift; sourceTree = "<group>"; };
		B9221EB925F84C91000FF3BB /* TextFieldView.swift */ = {isa = PBXFileReference; lastKnownFileType = sourcecode.swift; path = TextFieldView.swift; sourceTree = "<group>"; };
		B9221EC125F86334000FF3BB /* RegisterCV.swift */ = {isa = PBXFileReference; lastKnownFileType = sourcecode.swift; path = RegisterCV.swift; sourceTree = "<group>"; };
		B9227AC82609BC8000982C66 /* GetDatas.swift */ = {isa = PBXFileReference; lastKnownFileType = sourcecode.swift; path = GetDatas.swift; sourceTree = "<group>"; };
		B9444AF325F8407E00EF50B6 /* Hidake Booking.app */ = {isa = PBXFileReference; explicitFileType = wrapper.application; includeInIndex = 0; path = "Hidake Booking.app"; sourceTree = BUILT_PRODUCTS_DIR; };
		B9444AF625F8407E00EF50B6 /* Hidake_BookingApp.swift */ = {isa = PBXFileReference; lastKnownFileType = sourcecode.swift; path = Hidake_BookingApp.swift; sourceTree = "<group>"; };
		B9444AF825F8407E00EF50B6 /* EntryCV.swift */ = {isa = PBXFileReference; lastKnownFileType = sourcecode.swift; path = EntryCV.swift; sourceTree = "<group>"; };
		B9444AFA25F8408000EF50B6 /* Assets.xcassets */ = {isa = PBXFileReference; lastKnownFileType = folder.assetcatalog; path = Assets.xcassets; sourceTree = "<group>"; };
		B9444AFD25F8408000EF50B6 /* Preview Assets.xcassets */ = {isa = PBXFileReference; lastKnownFileType = folder.assetcatalog; path = "Preview Assets.xcassets"; sourceTree = "<group>"; };
		B9444AFF25F8408000EF50B6 /* Info.plist */ = {isa = PBXFileReference; lastKnownFileType = text.plist.xml; path = Info.plist; sourceTree = "<group>"; };
		B9444B0425F8408100EF50B6 /* Hidake BookingTests.xctest */ = {isa = PBXFileReference; explicitFileType = wrapper.cfbundle; includeInIndex = 0; path = "Hidake BookingTests.xctest"; sourceTree = BUILT_PRODUCTS_DIR; };
		B9444B0825F8408100EF50B6 /* Hidake_BookingTests.swift */ = {isa = PBXFileReference; lastKnownFileType = sourcecode.swift; path = Hidake_BookingTests.swift; sourceTree = "<group>"; };
		B9444B0A25F8408100EF50B6 /* Info.plist */ = {isa = PBXFileReference; lastKnownFileType = text.plist.xml; path = Info.plist; sourceTree = "<group>"; };
		B9444B0F25F8408100EF50B6 /* Hidake BookingUITests.xctest */ = {isa = PBXFileReference; explicitFileType = wrapper.cfbundle; includeInIndex = 0; path = "Hidake BookingUITests.xctest"; sourceTree = BUILT_PRODUCTS_DIR; };
		B9444B1325F8408100EF50B6 /* Hidake_BookingUITests.swift */ = {isa = PBXFileReference; lastKnownFileType = sourcecode.swift; path = Hidake_BookingUITests.swift; sourceTree = "<group>"; };
		B9444B1525F8408100EF50B6 /* Info.plist */ = {isa = PBXFileReference; lastKnownFileType = text.plist.xml; path = Info.plist; sourceTree = "<group>"; };
		B958BDAB26048A0300A460DB /* CalendarView.swift */ = {isa = PBXFileReference; lastKnownFileType = sourcecode.swift; path = CalendarView.swift; sourceTree = "<group>"; };
		B965B82425FC52A8004928EB /* TabCV.swift */ = {isa = PBXFileReference; lastKnownFileType = sourcecode.swift; path = TabCV.swift; sourceTree = "<group>"; };
		B965B82925FC5486004928EB /* AnnouncementCV.swift */ = {isa = PBXFileReference; lastKnownFileType = sourcecode.swift; path = AnnouncementCV.swift; sourceTree = "<group>"; };
		B965B82E25FC563B004928EB /* MeCV.swift */ = {isa = PBXFileReference; lastKnownFileType = sourcecode.swift; path = MeCV.swift; sourceTree = "<group>"; };
		B965B83925FCF143004928EB /* GoogleService-Info.plist */ = {isa = PBXFileReference; fileEncoding = 4; lastKnownFileType = text.plist.xml; path = "GoogleService-Info.plist"; sourceTree = "<group>"; };
		B967648D25FCFFE600DFE368 /* OwnerCV.swift */ = {isa = PBXFileReference; lastKnownFileType = sourcecode.swift; path = OwnerCV.swift; sourceTree = "<group>"; };
		B967649225FD028700DFE368 /* TabEditCV.swift */ = {isa = PBXFileReference; lastKnownFileType = sourcecode.swift; path = TabEditCV.swift; sourceTree = "<group>"; };
		B972318E260494C0003C4E11 /* Test.swift */ = {isa = PBXFileReference; lastKnownFileType = sourcecode.swift; path = Test.swift; sourceTree = "<group>"; };
		B98A2C5625F997EF002D1ACF /* MenuCV.swift */ = {isa = PBXFileReference; lastKnownFileType = sourcecode.swift; path = MenuCV.swift; sourceTree = "<group>"; };
		B98A2C5B25FA1B33002D1ACF /* CategoryView.swift */ = {isa = PBXFileReference; lastKnownFileType = sourcecode.swift; path = CategoryView.swift; sourceTree = "<group>"; };
		B98A2C6325FB06ED002D1ACF /* CalenderCV.swift */ = {isa = PBXFileReference; lastKnownFileType = sourcecode.swift; path = CalenderCV.swift; sourceTree = "<group>"; };
		B98A2C6825FB449F002D1ACF /* DetailsSheet.swift */ = {isa = PBXFileReference; lastKnownFileType = sourcecode.swift; path = DetailsSheet.swift; sourceTree = "<group>"; };
		B9A5580F260ACFA6007FDE19 /* EditAnnouncementCV.swift */ = {isa = PBXFileReference; lastKnownFileType = sourcecode.swift; path = EditAnnouncementCV.swift; sourceTree = "<group>"; };
		B9A7A815260A21FD005F4D70 /* Announcement.swift */ = {isa = PBXFileReference; lastKnownFileType = sourcecode.swift; path = Announcement.swift; sourceTree = "<group>"; };
		B9FBA22E25FF1F01000CF548 /* EditActivityCalenderCV.swift */ = {isa = PBXFileReference; lastKnownFileType = sourcecode.swift; path = EditActivityCalenderCV.swift; sourceTree = "<group>"; };
		D60FFF4CAD78223A4377BD47 /* Pods-Hidake BookingTests.debug.xcconfig */ = {isa = PBXFileReference; includeInIndex = 1; lastKnownFileType = text.xcconfig; name = "Pods-Hidake BookingTests.debug.xcconfig"; path = "Target Support Files/Pods-Hidake BookingTests/Pods-Hidake BookingTests.debug.xcconfig"; sourceTree = "<group>"; };
		E9605DBC12DF80260C744073 /* Pods-Hidake Booking-Hidake BookingUITests.release.xcconfig */ = {isa = PBXFileReference; includeInIndex = 1; lastKnownFileType = text.xcconfig; name = "Pods-Hidake Booking-Hidake BookingUITests.release.xcconfig"; path = "Target Support Files/Pods-Hidake Booking-Hidake BookingUITests/Pods-Hidake Booking-Hidake BookingUITests.release.xcconfig"; sourceTree = "<group>"; };
/* End PBXFileReference section */

/* Begin PBXFrameworksBuildPhase section */
		B9444AF025F8407E00EF50B6 /* Frameworks */ = {
			isa = PBXFrameworksBuildPhase;
			buildActionMask = 2147483647;
			files = (
				B965B82025FB85C1004928EB /* FSCalendar in Frameworks */,
				15CFC5FD18F70ACE09542CA9 /* Pods_Hidake_Booking.framework in Frameworks */,
			);
			runOnlyForDeploymentPostprocessing = 0;
		};
		B9444B0125F8408100EF50B6 /* Frameworks */ = {
			isa = PBXFrameworksBuildPhase;
			buildActionMask = 2147483647;
			files = (
				D451F4C69EBCE8E41F6A7B23 /* Pods_Hidake_BookingTests.framework in Frameworks */,
			);
			runOnlyForDeploymentPostprocessing = 0;
		};
		B9444B0C25F8408100EF50B6 /* Frameworks */ = {
			isa = PBXFrameworksBuildPhase;
			buildActionMask = 2147483647;
			files = (
				EE0C72652ABD8D27890C066F /* Pods_Hidake_Booking_Hidake_BookingUITests.framework in Frameworks */,
			);
			runOnlyForDeploymentPostprocessing = 0;
		};
/* End PBXFrameworksBuildPhase section */

/* Begin PBXGroup section */
		0C5264DFCFA137E8C30B23A5 /* Pods */ = {
			isa = PBXGroup;
			children = (
				062472B79086EA745E6D0696 /* Pods-Hidake Booking.debug.xcconfig */,
				79B73EF53977ABFD18B0C878 /* Pods-Hidake Booking.release.xcconfig */,
				01986213ACCA98332EAB4A7E /* Pods-Hidake Booking-Hidake BookingUITests.debug.xcconfig */,
				E9605DBC12DF80260C744073 /* Pods-Hidake Booking-Hidake BookingUITests.release.xcconfig */,
				D60FFF4CAD78223A4377BD47 /* Pods-Hidake BookingTests.debug.xcconfig */,
				AFA42465845BEBE1FC63F88A /* Pods-Hidake BookingTests.release.xcconfig */,
			);
			path = Pods;
			sourceTree = "<group>";
		};
		B4962A18ED476BBAA01AD017 /* Frameworks */ = {
			isa = PBXGroup;
			children = (
				8D6BC4BB1AD0F50E1E13E7D9 /* Pods_Hidake_Booking.framework */,
				A07892C004B2D6796709A179 /* Pods_Hidake_Booking_Hidake_BookingUITests.framework */,
				58E13ED8BFE2FCD601EC3109 /* Pods_Hidake_BookingTests.framework */,
			);
			name = Frameworks;
			sourceTree = "<group>";
		};
		B9221EAF25F846BF000FF3BB /* Content Views */ = {
			isa = PBXGroup;
			children = (
				B9FBA23F25FF216B000CF548 /* Customer */,
				B9FBA23325FF213B000CF548 /* Owner */,
				B9444AF825F8407E00EF50B6 /* EntryCV.swift */,
			);
			path = "Content Views";
			sourceTree = "<group>";
		};
		B9221EB825F84C7D000FF3BB /* Views */ = {
			isa = PBXGroup;
			children = (
				B98A2C6825FB449F002D1ACF /* DetailsSheet.swift */,
				B9221EB925F84C91000FF3BB /* TextFieldView.swift */,
				B98A2C5B25FA1B33002D1ACF /* CategoryView.swift */,
				B901EC2425FE174A009E28CC /* EditDetailsSheet.swift */,
				B901EC2D25FE3558009E28CC /* EditCategortView.swift */,
				B958BDAB26048A0300A460DB /* CalendarView.swift */,
				B972318E260494C0003C4E11 /* Test.swift */,
			);
			path = Views;
			sourceTree = "<group>";
		};
		B9227AC72609BC6400982C66 /* Models */ = {
			isa = PBXGroup;
			children = (
				B9227AC82609BC8000982C66 /* GetDatas.swift */,
				B9A7A815260A21FD005F4D70 /* Announcement.swift */,
			);
			path = Models;
			sourceTree = "<group>";
		};
		B9444AEA25F8407E00EF50B6 = {
			isa = PBXGroup;
			children = (
				B9444AF525F8407E00EF50B6 /* Hidake Booking */,
				B9444B0725F8408100EF50B6 /* Hidake BookingTests */,
				B9444B1225F8408100EF50B6 /* Hidake BookingUITests */,
				B9444AF425F8407E00EF50B6 /* Products */,
				0C5264DFCFA137E8C30B23A5 /* Pods */,
				B4962A18ED476BBAA01AD017 /* Frameworks */,
			);
			sourceTree = "<group>";
		};
		B9444AF425F8407E00EF50B6 /* Products */ = {
			isa = PBXGroup;
			children = (
				B9444AF325F8407E00EF50B6 /* Hidake Booking.app */,
				B9444B0425F8408100EF50B6 /* Hidake BookingTests.xctest */,
				B9444B0F25F8408100EF50B6 /* Hidake BookingUITests.xctest */,
			);
			name = Products;
			sourceTree = "<group>";
		};
		B9444AF525F8407E00EF50B6 /* Hidake Booking */ = {
			isa = PBXGroup;
			children = (
				B9227AC72609BC6400982C66 /* Models */,
				B9221EB825F84C7D000FF3BB /* Views */,
				B9221EAF25F846BF000FF3BB /* Content Views */,
				B9444AF625F8407E00EF50B6 /* Hidake_BookingApp.swift */,
				B965B83925FCF143004928EB /* GoogleService-Info.plist */,
				B9444AFA25F8408000EF50B6 /* Assets.xcassets */,
				B9444AFF25F8408000EF50B6 /* Info.plist */,
				B9444AFC25F8408000EF50B6 /* Preview Content */,
			);
			path = "Hidake Booking";
			sourceTree = "<group>";
		};
		B9444AFC25F8408000EF50B6 /* Preview Content */ = {
			isa = PBXGroup;
			children = (
				B9444AFD25F8408000EF50B6 /* Preview Assets.xcassets */,
			);
			path = "Preview Content";
			sourceTree = "<group>";
		};
		B9444B0725F8408100EF50B6 /* Hidake BookingTests */ = {
			isa = PBXGroup;
			children = (
				B9444B0825F8408100EF50B6 /* Hidake_BookingTests.swift */,
				B9444B0A25F8408100EF50B6 /* Info.plist */,
			);
			path = "Hidake BookingTests";
			sourceTree = "<group>";
		};
		B9444B1225F8408100EF50B6 /* Hidake BookingUITests */ = {
			isa = PBXGroup;
			children = (
				B9444B1325F8408100EF50B6 /* Hidake_BookingUITests.swift */,
				B9444B1525F8408100EF50B6 /* Info.plist */,
			);
			path = "Hidake BookingUITests";
			sourceTree = "<group>";
		};
		B9FBA23325FF213B000CF548 /* Owner */ = {
			isa = PBXGroup;
			children = (
				B967648D25FCFFE600DFE368 /* OwnerCV.swift */,
				B9FBA22E25FF1F01000CF548 /* EditActivityCalenderCV.swift */,
				B967649225FD028700DFE368 /* TabEditCV.swift */,
				B901EC1F25FE161F009E28CC /* EditMenuCV.swift */,
				B901EC3525FE429C009E28CC /* AddActivityCV.swift */,
				B9A5580F260ACFA6007FDE19 /* EditAnnouncementCV.swift */,
			);
			path = Owner;
			sourceTree = "<group>";
		};
		B9FBA23F25FF216B000CF548 /* Customer */ = {
			isa = PBXGroup;
			children = (
				B98A2C5625F997EF002D1ACF /* MenuCV.swift */,
				B98A2C6325FB06ED002D1ACF /* CalenderCV.swift */,
				B9221EC125F86334000FF3BB /* RegisterCV.swift */,
				B965B82425FC52A8004928EB /* TabCV.swift */,
				B9221EB025F846E5000FF3BB /* LoginCV.swift */,
				B965B82E25FC563B004928EB /* MeCV.swift */,
				B965B82925FC5486004928EB /* AnnouncementCV.swift */,
			);
			path = Customer;
			sourceTree = "<group>";
		};
/* End PBXGroup section */

/* Begin PBXNativeTarget section */
		B9444AF225F8407E00EF50B6 /* Hidake Booking */ = {
			isa = PBXNativeTarget;
			buildConfigurationList = B9444B1825F8408100EF50B6 /* Build configuration list for PBXNativeTarget "Hidake Booking" */;
			buildPhases = (
				36DD4184362DB2530CD9DF22 /* [CP] Check Pods Manifest.lock */,
				B9444AEF25F8407E00EF50B6 /* Sources */,
				B9444AF025F8407E00EF50B6 /* Frameworks */,
				B9444AF125F8407E00EF50B6 /* Resources */,
				6E570C7A07789D5C98C09763 /* [CP] Embed Pods Frameworks */,
				74FD6929ECE62CEBB3098D76 /* [CP] Copy Pods Resources */,
			);
			buildRules = (
			);
			dependencies = (
			);
			name = "Hidake Booking";
			packageProductDependencies = (
				B965B81F25FB85C1004928EB /* FSCalendar */,
			);
			productName = "Hidake Booking";
			productReference = B9444AF325F8407E00EF50B6 /* Hidake Booking.app */;
			productType = "com.apple.product-type.application";
		};
		B9444B0325F8408100EF50B6 /* Hidake BookingTests */ = {
			isa = PBXNativeTarget;
			buildConfigurationList = B9444B1B25F8408100EF50B6 /* Build configuration list for PBXNativeTarget "Hidake BookingTests" */;
			buildPhases = (
				996366A5B20617E23128128D /* [CP] Check Pods Manifest.lock */,
				B9444B0025F8408100EF50B6 /* Sources */,
				B9444B0125F8408100EF50B6 /* Frameworks */,
				B9444B0225F8408100EF50B6 /* Resources */,
			);
			buildRules = (
			);
			dependencies = (
				B9444B0625F8408100EF50B6 /* PBXTargetDependency */,
			);
			name = "Hidake BookingTests";
			productName = "Hidake BookingTests";
			productReference = B9444B0425F8408100EF50B6 /* Hidake BookingTests.xctest */;
			productType = "com.apple.product-type.bundle.unit-test";
		};
		B9444B0E25F8408100EF50B6 /* Hidake BookingUITests */ = {
			isa = PBXNativeTarget;
			buildConfigurationList = B9444B1E25F8408100EF50B6 /* Build configuration list for PBXNativeTarget "Hidake BookingUITests" */;
			buildPhases = (
				9AD4012A1C2B87DDA46BA0E6 /* [CP] Check Pods Manifest.lock */,
				B9444B0B25F8408100EF50B6 /* Sources */,
				B9444B0C25F8408100EF50B6 /* Frameworks */,
				B9444B0D25F8408100EF50B6 /* Resources */,
				3359BC6793A4CCB90447A1E7 /* [CP] Embed Pods Frameworks */,
				635C9F8F569563C01B7C39CE /* [CP] Copy Pods Resources */,
			);
			buildRules = (
			);
			dependencies = (
				B9444B1125F8408100EF50B6 /* PBXTargetDependency */,
			);
			name = "Hidake BookingUITests";
			productName = "Hidake BookingUITests";
			productReference = B9444B0F25F8408100EF50B6 /* Hidake BookingUITests.xctest */;
			productType = "com.apple.product-type.bundle.ui-testing";
		};
/* End PBXNativeTarget section */

/* Begin PBXProject section */
		B9444AEB25F8407E00EF50B6 /* Project object */ = {
			isa = PBXProject;
			attributes = {
				LastSwiftUpdateCheck = 1240;
				LastUpgradeCheck = 1240;
				TargetAttributes = {
					B9444AF225F8407E00EF50B6 = {
						CreatedOnToolsVersion = 12.4;
					};
					B9444B0325F8408100EF50B6 = {
						CreatedOnToolsVersion = 12.4;
						TestTargetID = B9444AF225F8407E00EF50B6;
					};
					B9444B0E25F8408100EF50B6 = {
						CreatedOnToolsVersion = 12.4;
						TestTargetID = B9444AF225F8407E00EF50B6;
					};
				};
			};
			buildConfigurationList = B9444AEE25F8407E00EF50B6 /* Build configuration list for PBXProject "Hidake Booking" */;
			compatibilityVersion = "Xcode 9.3";
			developmentRegion = en;
			hasScannedForEncodings = 0;
			knownRegions = (
				en,
				Base,
			);
			mainGroup = B9444AEA25F8407E00EF50B6;
			packageReferences = (
				B965B81E25FB85C1004928EB /* XCRemoteSwiftPackageReference "FSCalendar" */,
			);
			productRefGroup = B9444AF425F8407E00EF50B6 /* Products */;
			projectDirPath = "";
			projectRoot = "";
			targets = (
				B9444AF225F8407E00EF50B6 /* Hidake Booking */,
				B9444B0325F8408100EF50B6 /* Hidake BookingTests */,
				B9444B0E25F8408100EF50B6 /* Hidake BookingUITests */,
			);
		};
/* End PBXProject section */

/* Begin PBXResourcesBuildPhase section */
		B9444AF125F8407E00EF50B6 /* Resources */ = {
			isa = PBXResourcesBuildPhase;
			buildActionMask = 2147483647;
			files = (
				B9444AFE25F8408000EF50B6 /* Preview Assets.xcassets in Resources */,
				B9444AFB25F8408000EF50B6 /* Assets.xcassets in Resources */,
				B965B83A25FCF143004928EB /* GoogleService-Info.plist in Resources */,
			);
			runOnlyForDeploymentPostprocessing = 0;
		};
		B9444B0225F8408100EF50B6 /* Resources */ = {
			isa = PBXResourcesBuildPhase;
			buildActionMask = 2147483647;
			files = (
			);
			runOnlyForDeploymentPostprocessing = 0;
		};
		B9444B0D25F8408100EF50B6 /* Resources */ = {
			isa = PBXResourcesBuildPhase;
			buildActionMask = 2147483647;
			files = (
			);
			runOnlyForDeploymentPostprocessing = 0;
		};
/* End PBXResourcesBuildPhase section */

/* Begin PBXShellScriptBuildPhase section */
		3359BC6793A4CCB90447A1E7 /* [CP] Embed Pods Frameworks */ = {
			isa = PBXShellScriptBuildPhase;
			buildActionMask = 2147483647;
			files = (
			);
			inputFileListPaths = (
				"${PODS_ROOT}/Target Support Files/Pods-Hidake Booking-Hidake BookingUITests/Pods-Hidake Booking-Hidake BookingUITests-frameworks-${CONFIGURATION}-input-files.xcfilelist",
			);
			name = "[CP] Embed Pods Frameworks";
			outputFileListPaths = (
				"${PODS_ROOT}/Target Support Files/Pods-Hidake Booking-Hidake BookingUITests/Pods-Hidake Booking-Hidake BookingUITests-frameworks-${CONFIGURATION}-output-files.xcfilelist",
			);
			runOnlyForDeploymentPostprocessing = 0;
			shellPath = /bin/sh;
			shellScript = "\"${PODS_ROOT}/Target Support Files/Pods-Hidake Booking-Hidake BookingUITests/Pods-Hidake Booking-Hidake BookingUITests-frameworks.sh\"\n";
			showEnvVarsInLog = 0;
		};
		36DD4184362DB2530CD9DF22 /* [CP] Check Pods Manifest.lock */ = {
			isa = PBXShellScriptBuildPhase;
			buildActionMask = 2147483647;
			files = (
			);
			inputFileListPaths = (
			);
			inputPaths = (
				"${PODS_PODFILE_DIR_PATH}/Podfile.lock",
				"${PODS_ROOT}/Manifest.lock",
			);
			name = "[CP] Check Pods Manifest.lock";
			outputFileListPaths = (
			);
			outputPaths = (
				"$(DERIVED_FILE_DIR)/Pods-Hidake Booking-checkManifestLockResult.txt",
			);
			runOnlyForDeploymentPostprocessing = 0;
			shellPath = /bin/sh;
			shellScript = "diff \"${PODS_PODFILE_DIR_PATH}/Podfile.lock\" \"${PODS_ROOT}/Manifest.lock\" > /dev/null\nif [ $? != 0 ] ; then\n    # print error to STDERR\n    echo \"error: The sandbox is not in sync with the Podfile.lock. Run 'pod install' or update your CocoaPods installation.\" >&2\n    exit 1\nfi\n# This output is used by Xcode 'outputs' to avoid re-running this script phase.\necho \"SUCCESS\" > \"${SCRIPT_OUTPUT_FILE_0}\"\n";
			showEnvVarsInLog = 0;
		};
		635C9F8F569563C01B7C39CE /* [CP] Copy Pods Resources */ = {
			isa = PBXShellScriptBuildPhase;
			buildActionMask = 2147483647;
			files = (
			);
			inputFileListPaths = (
				"${PODS_ROOT}/Target Support Files/Pods-Hidake Booking-Hidake BookingUITests/Pods-Hidake Booking-Hidake BookingUITests-resources-${CONFIGURATION}-input-files.xcfilelist",
			);
			name = "[CP] Copy Pods Resources";
			outputFileListPaths = (
				"${PODS_ROOT}/Target Support Files/Pods-Hidake Booking-Hidake BookingUITests/Pods-Hidake Booking-Hidake BookingUITests-resources-${CONFIGURATION}-output-files.xcfilelist",
			);
			runOnlyForDeploymentPostprocessing = 0;
			shellPath = /bin/sh;
			shellScript = "\"${PODS_ROOT}/Target Support Files/Pods-Hidake Booking-Hidake BookingUITests/Pods-Hidake Booking-Hidake BookingUITests-resources.sh\"\n";
			showEnvVarsInLog = 0;
		};
		6E570C7A07789D5C98C09763 /* [CP] Embed Pods Frameworks */ = {
			isa = PBXShellScriptBuildPhase;
			buildActionMask = 2147483647;
			files = (
			);
			inputFileListPaths = (
				"${PODS_ROOT}/Target Support Files/Pods-Hidake Booking/Pods-Hidake Booking-frameworks-${CONFIGURATION}-input-files.xcfilelist",
			);
			name = "[CP] Embed Pods Frameworks";
			outputFileListPaths = (
				"${PODS_ROOT}/Target Support Files/Pods-Hidake Booking/Pods-Hidake Booking-frameworks-${CONFIGURATION}-output-files.xcfilelist",
			);
			runOnlyForDeploymentPostprocessing = 0;
			shellPath = /bin/sh;
			shellScript = "\"${PODS_ROOT}/Target Support Files/Pods-Hidake Booking/Pods-Hidake Booking-frameworks.sh\"\n";
			showEnvVarsInLog = 0;
		};
		74FD6929ECE62CEBB3098D76 /* [CP] Copy Pods Resources */ = {
			isa = PBXShellScriptBuildPhase;
			buildActionMask = 2147483647;
			files = (
			);
			inputFileListPaths = (
				"${PODS_ROOT}/Target Support Files/Pods-Hidake Booking/Pods-Hidake Booking-resources-${CONFIGURATION}-input-files.xcfilelist",
			);
			name = "[CP] Copy Pods Resources";
			outputFileListPaths = (
				"${PODS_ROOT}/Target Support Files/Pods-Hidake Booking/Pods-Hidake Booking-resources-${CONFIGURATION}-output-files.xcfilelist",
			);
			runOnlyForDeploymentPostprocessing = 0;
			shellPath = /bin/sh;
			shellScript = "\"${PODS_ROOT}/Target Support Files/Pods-Hidake Booking/Pods-Hidake Booking-resources.sh\"\n";
			showEnvVarsInLog = 0;
		};
		996366A5B20617E23128128D /* [CP] Check Pods Manifest.lock */ = {
			isa = PBXShellScriptBuildPhase;
			buildActionMask = 2147483647;
			files = (
			);
			inputFileListPaths = (
			);
			inputPaths = (
				"${PODS_PODFILE_DIR_PATH}/Podfile.lock",
				"${PODS_ROOT}/Manifest.lock",
			);
			name = "[CP] Check Pods Manifest.lock";
			outputFileListPaths = (
			);
			outputPaths = (
				"$(DERIVED_FILE_DIR)/Pods-Hidake BookingTests-checkManifestLockResult.txt",
			);
			runOnlyForDeploymentPostprocessing = 0;
			shellPath = /bin/sh;
			shellScript = "diff \"${PODS_PODFILE_DIR_PATH}/Podfile.lock\" \"${PODS_ROOT}/Manifest.lock\" > /dev/null\nif [ $? != 0 ] ; then\n    # print error to STDERR\n    echo \"error: The sandbox is not in sync with the Podfile.lock. Run 'pod install' or update your CocoaPods installation.\" >&2\n    exit 1\nfi\n# This output is used by Xcode 'outputs' to avoid re-running this script phase.\necho \"SUCCESS\" > \"${SCRIPT_OUTPUT_FILE_0}\"\n";
			showEnvVarsInLog = 0;
		};
		9AD4012A1C2B87DDA46BA0E6 /* [CP] Check Pods Manifest.lock */ = {
			isa = PBXShellScriptBuildPhase;
			buildActionMask = 2147483647;
			files = (
			);
			inputFileListPaths = (
			);
			inputPaths = (
				"${PODS_PODFILE_DIR_PATH}/Podfile.lock",
				"${PODS_ROOT}/Manifest.lock",
			);
			name = "[CP] Check Pods Manifest.lock";
			outputFileListPaths = (
			);
			outputPaths = (
				"$(DERIVED_FILE_DIR)/Pods-Hidake Booking-Hidake BookingUITests-checkManifestLockResult.txt",
			);
			runOnlyForDeploymentPostprocessing = 0;
			shellPath = /bin/sh;
			shellScript = "diff \"${PODS_PODFILE_DIR_PATH}/Podfile.lock\" \"${PODS_ROOT}/Manifest.lock\" > /dev/null\nif [ $? != 0 ] ; then\n    # print error to STDERR\n    echo \"error: The sandbox is not in sync with the Podfile.lock. Run 'pod install' or update your CocoaPods installation.\" >&2\n    exit 1\nfi\n# This output is used by Xcode 'outputs' to avoid re-running this script phase.\necho \"SUCCESS\" > \"${SCRIPT_OUTPUT_FILE_0}\"\n";
			showEnvVarsInLog = 0;
		};
/* End PBXShellScriptBuildPhase section */

/* Begin PBXSourcesBuildPhase section */
		B9444AEF25F8407E00EF50B6 /* Sources */ = {
			isa = PBXSourcesBuildPhase;
			buildActionMask = 2147483647;
			files = (
				B967649325FD028700DFE368 /* TabEditCV.swift in Sources */,
				B901EC3625FE429C009E28CC /* AddActivityCV.swift in Sources */,
				B9227AC92609BC8000982C66 /* GetDatas.swift in Sources */,
				B9FBA22F25FF1F01000CF548 /* EditActivityCalenderCV.swift in Sources */,
				B901EC2525FE174A009E28CC /* EditDetailsSheet.swift in Sources */,
				B965B82F25FC563B004928EB /* MeCV.swift in Sources */,
				B9A7A816260A21FD005F4D70 /* Announcement.swift in Sources */,
				B901EC2E25FE3558009E28CC /* EditCategortView.swift in Sources */,
				B965B82A25FC5486004928EB /* AnnouncementCV.swift in Sources */,
				B967648E25FCFFE600DFE368 /* OwnerCV.swift in Sources */,
				B98A2C6925FB449F002D1ACF /* DetailsSheet.swift in Sources */,
				B9221EB125F846E5000FF3BB /* LoginCV.swift in Sources */,
				B958BDAC26048A0300A460DB /* CalendarView.swift in Sources */,
				B9A55810260ACFA6007FDE19 /* EditAnnouncementCV.swift in Sources */,
				B9221EC225F86334000FF3BB /* RegisterCV.swift in Sources */,
				B98A2C6425FB06ED002D1ACF /* CalenderCV.swift in Sources */,
				B9444AF925F8407E00EF50B6 /* EntryCV.swift in Sources */,
				B901EC2025FE161F009E28CC /* EditMenuCV.swift in Sources */,
				B98A2C5725F997EF002D1ACF /* MenuCV.swift in Sources */,
				B965B82525FC52A8004928EB /* TabCV.swift in Sources */,
				B972318F260494C0003C4E11 /* Test.swift in Sources */,
				B9221EBA25F84C91000FF3BB /* TextFieldView.swift in Sources */,
				B98A2C5C25FA1B33002D1ACF /* CategoryView.swift in Sources */,
				B9444AF725F8407E00EF50B6 /* Hidake_BookingApp.swift in Sources */,
			);
			runOnlyForDeploymentPostprocessing = 0;
		};
		B9444B0025F8408100EF50B6 /* Sources */ = {
			isa = PBXSourcesBuildPhase;
			buildActionMask = 2147483647;
			files = (
				B9444B0925F8408100EF50B6 /* Hidake_BookingTests.swift in Sources */,
			);
			runOnlyForDeploymentPostprocessing = 0;
		};
		B9444B0B25F8408100EF50B6 /* Sources */ = {
			isa = PBXSourcesBuildPhase;
			buildActionMask = 2147483647;
			files = (
				B9444B1425F8408100EF50B6 /* Hidake_BookingUITests.swift in Sources */,
			);
			runOnlyForDeploymentPostprocessing = 0;
		};
/* End PBXSourcesBuildPhase section */

/* Begin PBXTargetDependency section */
		B9444B0625F8408100EF50B6 /* PBXTargetDependency */ = {
			isa = PBXTargetDependency;
			target = B9444AF225F8407E00EF50B6 /* Hidake Booking */;
			targetProxy = B9444B0525F8408100EF50B6 /* PBXContainerItemProxy */;
		};
		B9444B1125F8408100EF50B6 /* PBXTargetDependency */ = {
			isa = PBXTargetDependency;
			target = B9444AF225F8407E00EF50B6 /* Hidake Booking */;
			targetProxy = B9444B1025F8408100EF50B6 /* PBXContainerItemProxy */;
		};
/* End PBXTargetDependency section */

/* Begin XCBuildConfiguration section */
		B9444B1625F8408100EF50B6 /* Debug */ = {
			isa = XCBuildConfiguration;
			buildSettings = {
				ALWAYS_SEARCH_USER_PATHS = NO;
				CLANG_ANALYZER_NONNULL = YES;
				CLANG_ANALYZER_NUMBER_OBJECT_CONVERSION = YES_AGGRESSIVE;
				CLANG_CXX_LANGUAGE_STANDARD = "gnu++14";
				CLANG_CXX_LIBRARY = "libc++";
				CLANG_ENABLE_MODULES = YES;
				CLANG_ENABLE_OBJC_ARC = YES;
				CLANG_ENABLE_OBJC_WEAK = YES;
				CLANG_WARN_BLOCK_CAPTURE_AUTORELEASING = YES;
				CLANG_WARN_BOOL_CONVERSION = YES;
				CLANG_WARN_COMMA = YES;
				CLANG_WARN_CONSTANT_CONVERSION = YES;
				CLANG_WARN_DEPRECATED_OBJC_IMPLEMENTATIONS = YES;
				CLANG_WARN_DIRECT_OBJC_ISA_USAGE = YES_ERROR;
				CLANG_WARN_DOCUMENTATION_COMMENTS = YES;
				CLANG_WARN_EMPTY_BODY = YES;
				CLANG_WARN_ENUM_CONVERSION = YES;
				CLANG_WARN_INFINITE_RECURSION = YES;
				CLANG_WARN_INT_CONVERSION = YES;
				CLANG_WARN_NON_LITERAL_NULL_CONVERSION = YES;
				CLANG_WARN_OBJC_IMPLICIT_RETAIN_SELF = YES;
				CLANG_WARN_OBJC_LITERAL_CONVERSION = YES;
				CLANG_WARN_OBJC_ROOT_CLASS = YES_ERROR;
				CLANG_WARN_QUOTED_INCLUDE_IN_FRAMEWORK_HEADER = YES;
				CLANG_WARN_RANGE_LOOP_ANALYSIS = YES;
				CLANG_WARN_STRICT_PROTOTYPES = YES;
				CLANG_WARN_SUSPICIOUS_MOVE = YES;
				CLANG_WARN_UNGUARDED_AVAILABILITY = YES_AGGRESSIVE;
				CLANG_WARN_UNREACHABLE_CODE = YES;
				CLANG_WARN__DUPLICATE_METHOD_MATCH = YES;
				COPY_PHASE_STRIP = NO;
				DEBUG_INFORMATION_FORMAT = dwarf;
				ENABLE_STRICT_OBJC_MSGSEND = YES;
				ENABLE_TESTABILITY = YES;
				GCC_C_LANGUAGE_STANDARD = gnu11;
				GCC_DYNAMIC_NO_PIC = NO;
				GCC_NO_COMMON_BLOCKS = YES;
				GCC_OPTIMIZATION_LEVEL = 0;
				GCC_PREPROCESSOR_DEFINITIONS = (
					"DEBUG=1",
					"$(inherited)",
				);
				GCC_WARN_64_TO_32_BIT_CONVERSION = YES;
				GCC_WARN_ABOUT_RETURN_TYPE = YES_ERROR;
				GCC_WARN_UNDECLARED_SELECTOR = YES;
				GCC_WARN_UNINITIALIZED_AUTOS = YES_AGGRESSIVE;
				GCC_WARN_UNUSED_FUNCTION = YES;
				GCC_WARN_UNUSED_VARIABLE = YES;
				IPHONEOS_DEPLOYMENT_TARGET = 13.6;
				MTL_ENABLE_DEBUG_INFO = INCLUDE_SOURCE;
				MTL_FAST_MATH = YES;
				ONLY_ACTIVE_ARCH = YES;
				SDKROOT = iphoneos;
				SWIFT_ACTIVE_COMPILATION_CONDITIONS = DEBUG;
				SWIFT_OPTIMIZATION_LEVEL = "-Onone";
			};
			name = Debug;
		};
		B9444B1725F8408100EF50B6 /* Release */ = {
			isa = XCBuildConfiguration;
			buildSettings = {
				ALWAYS_SEARCH_USER_PATHS = NO;
				CLANG_ANALYZER_NONNULL = YES;
				CLANG_ANALYZER_NUMBER_OBJECT_CONVERSION = YES_AGGRESSIVE;
				CLANG_CXX_LANGUAGE_STANDARD = "gnu++14";
				CLANG_CXX_LIBRARY = "libc++";
				CLANG_ENABLE_MODULES = YES;
				CLANG_ENABLE_OBJC_ARC = YES;
				CLANG_ENABLE_OBJC_WEAK = YES;
				CLANG_WARN_BLOCK_CAPTURE_AUTORELEASING = YES;
				CLANG_WARN_BOOL_CONVERSION = YES;
				CLANG_WARN_COMMA = YES;
				CLANG_WARN_CONSTANT_CONVERSION = YES;
				CLANG_WARN_DEPRECATED_OBJC_IMPLEMENTATIONS = YES;
				CLANG_WARN_DIRECT_OBJC_ISA_USAGE = YES_ERROR;
				CLANG_WARN_DOCUMENTATION_COMMENTS = YES;
				CLANG_WARN_EMPTY_BODY = YES;
				CLANG_WARN_ENUM_CONVERSION = YES;
				CLANG_WARN_INFINITE_RECURSION = YES;
				CLANG_WARN_INT_CONVERSION = YES;
				CLANG_WARN_NON_LITERAL_NULL_CONVERSION = YES;
				CLANG_WARN_OBJC_IMPLICIT_RETAIN_SELF = YES;
				CLANG_WARN_OBJC_LITERAL_CONVERSION = YES;
				CLANG_WARN_OBJC_ROOT_CLASS = YES_ERROR;
				CLANG_WARN_QUOTED_INCLUDE_IN_FRAMEWORK_HEADER = YES;
				CLANG_WARN_RANGE_LOOP_ANALYSIS = YES;
				CLANG_WARN_STRICT_PROTOTYPES = YES;
				CLANG_WARN_SUSPICIOUS_MOVE = YES;
				CLANG_WARN_UNGUARDED_AVAILABILITY = YES_AGGRESSIVE;
				CLANG_WARN_UNREACHABLE_CODE = YES;
				CLANG_WARN__DUPLICATE_METHOD_MATCH = YES;
				COPY_PHASE_STRIP = NO;
				DEBUG_INFORMATION_FORMAT = "dwarf-with-dsym";
				ENABLE_NS_ASSERTIONS = NO;
				ENABLE_STRICT_OBJC_MSGSEND = YES;
				GCC_C_LANGUAGE_STANDARD = gnu11;
				GCC_NO_COMMON_BLOCKS = YES;
				GCC_WARN_64_TO_32_BIT_CONVERSION = YES;
				GCC_WARN_ABOUT_RETURN_TYPE = YES_ERROR;
				GCC_WARN_UNDECLARED_SELECTOR = YES;
				GCC_WARN_UNINITIALIZED_AUTOS = YES_AGGRESSIVE;
				GCC_WARN_UNUSED_FUNCTION = YES;
				GCC_WARN_UNUSED_VARIABLE = YES;
				IPHONEOS_DEPLOYMENT_TARGET = 13.6;
				MTL_ENABLE_DEBUG_INFO = NO;
				MTL_FAST_MATH = YES;
				SDKROOT = iphoneos;
				SWIFT_COMPILATION_MODE = wholemodule;
				SWIFT_OPTIMIZATION_LEVEL = "-O";
				VALIDATE_PRODUCT = YES;
			};
			name = Release;
		};
		B9444B1925F8408100EF50B6 /* Debug */ = {
			isa = XCBuildConfiguration;
			baseConfigurationReference = 062472B79086EA745E6D0696 /* Pods-Hidake Booking.debug.xcconfig */;
			buildSettings = {
				ASSETCATALOG_COMPILER_APPICON_NAME = AppIcon;
				ASSETCATALOG_COMPILER_GLOBAL_ACCENT_COLOR_NAME = AccentColor;
				CODE_SIGN_STYLE = Automatic;
				DEVELOPMENT_ASSET_PATHS = "\"Hidake Booking/Preview Content\"";
				DEVELOPMENT_TEAM = C29T459B7W;
				ENABLE_PREVIEWS = YES;
				INFOPLIST_FILE = "Hidake Booking/Info.plist";
				IPHONEOS_DEPLOYMENT_TARGET = 14.0;
				LD_RUNPATH_SEARCH_PATHS = (
					"$(inherited)",
					"@executable_path/Frameworks",
				);
				PRODUCT_BUNDLE_IDENTIFIER = "com.JJTsai0907.Hidake-Booking";
				PRODUCT_NAME = "$(TARGET_NAME)";
				SWIFT_VERSION = 5.0;
				TARGETED_DEVICE_FAMILY = "1,2";
			};
			name = Debug;
		};
		B9444B1A25F8408100EF50B6 /* Release */ = {
			isa = XCBuildConfiguration;
			baseConfigurationReference = 79B73EF53977ABFD18B0C878 /* Pods-Hidake Booking.release.xcconfig */;
			buildSettings = {
				ASSETCATALOG_COMPILER_APPICON_NAME = AppIcon;
				ASSETCATALOG_COMPILER_GLOBAL_ACCENT_COLOR_NAME = AccentColor;
				CODE_SIGN_STYLE = Automatic;
				DEVELOPMENT_ASSET_PATHS = "\"Hidake Booking/Preview Content\"";
				DEVELOPMENT_TEAM = C29T459B7W;
				ENABLE_PREVIEWS = YES;
				INFOPLIST_FILE = "Hidake Booking/Info.plist";
				IPHONEOS_DEPLOYMENT_TARGET = 14.0;
				LD_RUNPATH_SEARCH_PATHS = (
					"$(inherited)",
					"@executable_path/Frameworks",
				);
				PRODUCT_BUNDLE_IDENTIFIER = "com.JJTsai0907.Hidake-Booking";
				PRODUCT_NAME = "$(TARGET_NAME)";
				SWIFT_VERSION = 5.0;
				TARGETED_DEVICE_FAMILY = "1,2";
			};
			name = Release;
		};
		B9444B1C25F8408100EF50B6 /* Debug */ = {
			isa = XCBuildConfiguration;
			baseConfigurationReference = D60FFF4CAD78223A4377BD47 /* Pods-Hidake BookingTests.debug.xcconfig */;
			buildSettings = {
				ALWAYS_EMBED_SWIFT_STANDARD_LIBRARIES = YES;
				BUNDLE_LOADER = "$(TEST_HOST)";
				CODE_SIGN_STYLE = Automatic;
				INFOPLIST_FILE = "Hidake BookingTests/Info.plist";
				IPHONEOS_DEPLOYMENT_TARGET = 14.0;
				LD_RUNPATH_SEARCH_PATHS = (
					"$(inherited)",
					"@executable_path/Frameworks",
					"@loader_path/Frameworks",
				);
				PRODUCT_BUNDLE_IDENTIFIER = "com.JJTsai0907.Hidake-BookingTests";
				PRODUCT_NAME = "$(TARGET_NAME)";
				SWIFT_VERSION = 5.0;
				TARGETED_DEVICE_FAMILY = "1,2";
				TEST_HOST = "$(BUILT_PRODUCTS_DIR)/Hidake Booking.app/Hidake Booking";
			};
			name = Debug;
		};
		B9444B1D25F8408100EF50B6 /* Release */ = {
			isa = XCBuildConfiguration;
			baseConfigurationReference = AFA42465845BEBE1FC63F88A /* Pods-Hidake BookingTests.release.xcconfig */;
			buildSettings = {
				ALWAYS_EMBED_SWIFT_STANDARD_LIBRARIES = YES;
				BUNDLE_LOADER = "$(TEST_HOST)";
				CODE_SIGN_STYLE = Automatic;
				INFOPLIST_FILE = "Hidake BookingTests/Info.plist";
				IPHONEOS_DEPLOYMENT_TARGET = 14.0;
				LD_RUNPATH_SEARCH_PATHS = (
					"$(inherited)",
					"@executable_path/Frameworks",
					"@loader_path/Frameworks",
				);
				PRODUCT_BUNDLE_IDENTIFIER = "com.JJTsai0907.Hidake-BookingTests";
				PRODUCT_NAME = "$(TARGET_NAME)";
				SWIFT_VERSION = 5.0;
				TARGETED_DEVICE_FAMILY = "1,2";
				TEST_HOST = "$(BUILT_PRODUCTS_DIR)/Hidake Booking.app/Hidake Booking";
			};
			name = Release;
		};
		B9444B1F25F8408100EF50B6 /* Debug */ = {
			isa = XCBuildConfiguration;
			baseConfigurationReference = 01986213ACCA98332EAB4A7E /* Pods-Hidake Booking-Hidake BookingUITests.debug.xcconfig */;
			buildSettings = {
				ALWAYS_EMBED_SWIFT_STANDARD_LIBRARIES = YES;
				CODE_SIGN_STYLE = Automatic;
				INFOPLIST_FILE = "Hidake BookingUITests/Info.plist";
				LD_RUNPATH_SEARCH_PATHS = (
					"$(inherited)",
					"@executable_path/Frameworks",
					"@loader_path/Frameworks",
				);
				PRODUCT_BUNDLE_IDENTIFIER = "com.JJTsai0907.Hidake-BookingUITests";
				PRODUCT_NAME = "$(TARGET_NAME)";
				SWIFT_VERSION = 5.0;
				TARGETED_DEVICE_FAMILY = "1,2";
				TEST_TARGET_NAME = "Hidake Booking";
			};
			name = Debug;
		};
		B9444B2025F8408100EF50B6 /* Release */ = {
			isa = XCBuildConfiguration;
			baseConfigurationReference = E9605DBC12DF80260C744073 /* Pods-Hidake Booking-Hidake BookingUITests.release.xcconfig */;
			buildSettings = {
				ALWAYS_EMBED_SWIFT_STANDARD_LIBRARIES = YES;
				CODE_SIGN_STYLE = Automatic;
				INFOPLIST_FILE = "Hidake BookingUITests/Info.plist";
				LD_RUNPATH_SEARCH_PATHS = (
					"$(inherited)",
					"@executable_path/Frameworks",
					"@loader_path/Frameworks",
				);
				PRODUCT_BUNDLE_IDENTIFIER = "com.JJTsai0907.Hidake-BookingUITests";
				PRODUCT_NAME = "$(TARGET_NAME)";
				SWIFT_VERSION = 5.0;
				TARGETED_DEVICE_FAMILY = "1,2";
				TEST_TARGET_NAME = "Hidake Booking";
			};
			name = Release;
		};
/* End XCBuildConfiguration section */

/* Begin XCConfigurationList section */
		B9444AEE25F8407E00EF50B6 /* Build configuration list for PBXProject "Hidake Booking" */ = {
			isa = XCConfigurationList;
			buildConfigurations = (
				B9444B1625F8408100EF50B6 /* Debug */,
				B9444B1725F8408100EF50B6 /* Release */,
			);
			defaultConfigurationIsVisible = 0;
			defaultConfigurationName = Release;
		};
		B9444B1825F8408100EF50B6 /* Build configuration list for PBXNativeTarget "Hidake Booking" */ = {
			isa = XCConfigurationList;
			buildConfigurations = (
				B9444B1925F8408100EF50B6 /* Debug */,
				B9444B1A25F8408100EF50B6 /* Release */,
			);
			defaultConfigurationIsVisible = 0;
			defaultConfigurationName = Release;
		};
		B9444B1B25F8408100EF50B6 /* Build configuration list for PBXNativeTarget "Hidake BookingTests" */ = {
			isa = XCConfigurationList;
			buildConfigurations = (
				B9444B1C25F8408100EF50B6 /* Debug */,
				B9444B1D25F8408100EF50B6 /* Release */,
			);
			defaultConfigurationIsVisible = 0;
			defaultConfigurationName = Release;
		};
		B9444B1E25F8408100EF50B6 /* Build configuration list for PBXNativeTarget "Hidake BookingUITests" */ = {
			isa = XCConfigurationList;
			buildConfigurations = (
				B9444B1F25F8408100EF50B6 /* Debug */,
				B9444B2025F8408100EF50B6 /* Release */,
			);
			defaultConfigurationIsVisible = 0;
			defaultConfigurationName = Release;
		};
/* End XCConfigurationList section */

/* Begin XCRemoteSwiftPackageReference section */
		B965B81E25FB85C1004928EB /* XCRemoteSwiftPackageReference "FSCalendar" */ = {
			isa = XCRemoteSwiftPackageReference;
			repositoryURL = "https://github.com/WenchaoD/FSCalendar.git";
			requirement = {
				kind = upToNextMajorVersion;
				minimumVersion = 2.8.2;
			};
		};
/* End XCRemoteSwiftPackageReference section */

/* Begin XCSwiftPackageProductDependency section */
		B965B81F25FB85C1004928EB /* FSCalendar */ = {
			isa = XCSwiftPackageProductDependency;
			package = B965B81E25FB85C1004928EB /* XCRemoteSwiftPackageReference "FSCalendar" */;
			productName = FSCalendar;
		};
/* End XCSwiftPackageProductDependency section */
	};
	rootObject = B9444AEB25F8407E00EF50B6 /* Project object */;
}
